
Microsoft Visual Studio Solution File, Format Version 12.00
# Visual Studio Version 17
VisualStudioVersion = 17.0.31903.59
MinimumVisualStudioVersion = 10.0.40219.1
Project("{FAE04EC0-301F-11D3-BF4B-00C04F79EFBC}") = "CarDexBackend", "CarDexBackend.csproj", "{6C5F7DCD-73DC-4F09-8962-6E3719D387A9}"
EndProject
Project("{FAE04EC0-301F-11D3-BF4B-00C04F79EFBC}") = "CarDexBackend.Domain", "CarDexBackend.Domain\CarDexBackend.Domain.csproj", "{62A5C960-CBD3-49B2-98D6-C8CFB74E9326}"
EndProject
Project("{2150E333-8FDC-42A3-9474-1A3956D46DE8}") = "tests", "tests", "{684A4178-D55D-4F5F-B766-0F524D9FED58}"
EndProject
Project("{2150E333-8FDC-42A3-9474-1A3956D46DE8}") = "UnitTests", "UnitTests", "{AD39CCD6-447C-4DFD-AAE2-D1F845F87759}"
EndProject
Project("{FAE04EC0-301F-11D3-BF4B-00C04F79EFBC}") = "CarDexBackend.UnitTests.Domain", "tests\UnitTests\CarDexBackend.UnitTests.Domain\CarDexBackend.UnitTests.Domain.csproj", "{38ED0EC0-2625-4313-81D1-0E6AC5DD1C60}"
EndProject
Global
	GlobalSection(SolutionConfigurationPlatforms) = preSolution
		Debug|Any CPU = Debug|Any CPU
		Release|Any CPU = Release|Any CPU
	EndGlobalSection
	GlobalSection(SolutionProperties) = preSolution
		HideSolutionNode = FALSE
	EndGlobalSection
	GlobalSection(ProjectConfigurationPlatforms) = postSolution
		{6C5F7DCD-73DC-4F09-8962-6E3719D387A9}.Debug|Any CPU.ActiveCfg = Debug|Any CPU
		{6C5F7DCD-73DC-4F09-8962-6E3719D387A9}.Debug|Any CPU.Build.0 = Debug|Any CPU
		{6C5F7DCD-73DC-4F09-8962-6E3719D387A9}.Release|Any CPU.ActiveCfg = Release|Any CPU
		{6C5F7DCD-73DC-4F09-8962-6E3719D387A9}.Release|Any CPU.Build.0 = Release|Any CPU
		{62A5C960-CBD3-49B2-98D6-C8CFB74E9326}.Debug|Any CPU.ActiveCfg = Debug|Any CPU
		{62A5C960-CBD3-49B2-98D6-C8CFB74E9326}.Debug|Any CPU.Build.0 = Debug|Any CPU
		{62A5C960-CBD3-49B2-98D6-C8CFB74E9326}.Release|Any CPU.ActiveCfg = Release|Any CPU
		{62A5C960-CBD3-49B2-98D6-C8CFB74E9326}.Release|Any CPU.Build.0 = Release|Any CPU
		{38ED0EC0-2625-4313-81D1-0E6AC5DD1C60}.Debug|Any CPU.ActiveCfg = Debug|Any CPU
		{38ED0EC0-2625-4313-81D1-0E6AC5DD1C60}.Debug|Any CPU.Build.0 = Debug|Any CPU
		{38ED0EC0-2625-4313-81D1-0E6AC5DD1C60}.Release|Any CPU.ActiveCfg = Release|Any CPU
		{38ED0EC0-2625-4313-81D1-0E6AC5DD1C60}.Release|Any CPU.Build.0 = Release|Any CPU
	EndGlobalSection
	GlobalSection(NestedProjects) = preSolution
		{AD39CCD6-447C-4DFD-AAE2-D1F845F87759} = {684A4178-D55D-4F5F-B766-0F524D9FED58}
		{38ED0EC0-2625-4313-81D1-0E6AC5DD1C60} = {AD39CCD6-447C-4DFD-AAE2-D1F845F87759}
	EndGlobalSection
EndGlobal
